// !$*UTF8*$!
{
	archiveVersion = 1;
	classes = {
	};
	objectVersion = 46;
	objects = {

/* Begin PBXBuildFile section */
		4E04C70816897EF700DC881F /* UIKit.framework in Frameworks */ = {isa = PBXBuildFile; fileRef = 4E04C70716897EF700DC881F /* UIKit.framework */; };
		4E04C70A16897EF700DC881F /* Foundation.framework in Frameworks */ = {isa = PBXBuildFile; fileRef = 4E04C70916897EF700DC881F /* Foundation.framework */; };
		4E04C70C16897EF700DC881F /* CoreGraphics.framework in Frameworks */ = {isa = PBXBuildFile; fileRef = 4E04C70B16897EF700DC881F /* CoreGraphics.framework */; };
		4E04C7B8168985EE00DC881F /* AppDelegate.m in Sources */ = {isa = PBXBuildFile; fileRef = 4E04C739168985EE00DC881F /* AppDelegate.m */; };
		4E04C7B9168985EE00DC881F /* ViewController.m in Sources */ = {isa = PBXBuildFile; fileRef = 4E04C7A5168985EE00DC881F /* ViewController.m */; };
		4E04C7BA168985EE00DC881F /* MainStoryboard_iPad.storyboard in Resources */ = {isa = PBXBuildFile; fileRef = 4E04C7B0168985EE00DC881F /* MainStoryboard_iPad.storyboard */; };
		4E04C7BB168985EE00DC881F /* MainStoryboard_iPhone.storyboard in Resources */ = {isa = PBXBuildFile; fileRef = 4E04C7B2168985EE00DC881F /* MainStoryboard_iPhone.storyboard */; };
		4E04C7BC168985EE00DC881F /* InfoPlist.strings in Resources */ = {isa = PBXBuildFile; fileRef = 4E04C7B4168985EE00DC881F /* InfoPlist.strings */; };
		4E04C7BD168985EE00DC881F /* main.m in Sources */ = {isa = PBXBuildFile; fileRef = 4E04C7B5168985EE00DC881F /* main.m */; };
		4E04C7CD168C33E800DC881F /* DetailViewController.m in Sources */ = {isa = PBXBuildFile; fileRef = 4E04C7CC168C33E800DC881F /* DetailViewController.m */; };
		4E04C7D1168C373A00DC881F /* QuestionCell.m in Sources */ = {isa = PBXBuildFile; fileRef = 4E04C7D0168C373A00DC881F /* QuestionCell.m */; };
		4E04C7DD16917B0200DC881F /* Default.png in Resources */ = {isa = PBXBuildFile; fileRef = 4E04C7D916917B0200DC881F /* Default.png */; };
		4E04C7DE16917B0200DC881F /* Default-568h@2x.png in Resources */ = {isa = PBXBuildFile; fileRef = 4E04C7DB16917B0200DC881F /* Default-568h@2x.png */; };
		4E04C7DF16917B0200DC881F /* Default@2x.png in Resources */ = {isa = PBXBuildFile; fileRef = 4E04C7DC16917B0200DC881F /* Default@2x.png */; };
		4E04C8381694D8ED00DC881F /* CustomNavigationController.m in Sources */ = {isa = PBXBuildFile; fileRef = 4E04C8371694D8ED00DC881F /* CustomNavigationController.m */; };
		4E13503916A27D0F00B7CE92 /* BigInt.m in Sources */ = {isa = PBXBuildFile; fileRef = 4E13503816A27D0F00B7CE92 /* BigInt.m */; settings = {COMPILER_FLAGS = "-fno-objc-arc"; }; };
		4E26635516C384CE0012F6E8 /* Question38.m in Sources */ = {isa = PBXBuildFile; fileRef = 4E26635416C384CE0012F6E8 /* Question38.m */; };
		4E33E33116BFB8F80067FE8D /* Question35.m in Sources */ = {isa = PBXBuildFile; fileRef = 4E33E33016BFB8F80067FE8D /* Question35.m */; };
		4E33E33416C0AE240067FE8D /* Question36.m in Sources */ = {isa = PBXBuildFile; fileRef = 4E33E33316C0AE240067FE8D /* Question36.m */; };
		4E33E34416C1A7C10067FE8D /* Question37.m in Sources */ = {isa = PBXBuildFile; fileRef = 4E33E34316C1A7C10067FE8D /* Question37.m */; };
		4E68BF6F16AFC4F00027BC71 /* Question23.m in Sources */ = {isa = PBXBuildFile; fileRef = 4E68BF6C16AFC4F00027BC71 /* Question23.m */; };
		4E68BF7616B069A20027BC71 /* Question24.m in Sources */ = {isa = PBXBuildFile; fileRef = 4E68BF7316B0699F0027BC71 /* Question24.m */; };
		4E68BFE216B1D69A0027BC71 /* Question25.m in Sources */ = {isa = PBXBuildFile; fileRef = 4E68BFE116B1D69A0027BC71 /* Question25.m */; };
		4E68BFF416B31FD10027BC71 /* Question26.m in Sources */ = {isa = PBXBuildFile; fileRef = 4E68BFF316B31FD10027BC71 /* Question26.m */; };
		4E68C1E516B466EA0027BC71 /* Question27.m in Sources */ = {isa = PBXBuildFile; fileRef = 4E68C1E416B466EA0027BC71 /* Question27.m */; };
		4E72A80916C57224006DB097 /* Question40.m in Sources */ = {isa = PBXBuildFile; fileRef = 4E72A80816C57224006DB097 /* Question40.m */; };
		4E72A84516C6F099006DB097 /* Question41.m in Sources */ = {isa = PBXBuildFile; fileRef = 4E72A84416C6F099006DB097 /* Question41.m */; };
		4E85E55E16B5F2AA00B5C8EA /* Question28.m in Sources */ = {isa = PBXBuildFile; fileRef = 4E85E55D16B5F2AA00B5C8EA /* Question28.m */; };
		4E85E56A16B6FA4900B5C8EA /* Question29.m in Sources */ = {isa = PBXBuildFile; fileRef = 4E85E56516B6FA4900B5C8EA /* Question29.m */; };
		4E85E57016B8591600B5C8EA /* Question30.m in Sources */ = {isa = PBXBuildFile; fileRef = 4E85E56F16B8591600B5C8EA /* Question30.m */; };
		4E85EA9D16B9B1A000B5C8EA /* Question31.m in Sources */ = {isa = PBXBuildFile; fileRef = 4E85EA9A16B9B1A000B5C8EA /* Question31.m */; };
		4E85EAAC16BB010E00B5C8EA /* Question32.m in Sources */ = {isa = PBXBuildFile; fileRef = 4E85EAA916BB010D00B5C8EA /* Question32.m */; };
		4E85EAD016BC4AF300B5C8EA /* Question33.m in Sources */ = {isa = PBXBuildFile; fileRef = 4E85EACF16BC4AF300B5C8EA /* Question33.m */; };
		4E85EADE16BD9C7800B5C8EA /* Question34.m in Sources */ = {isa = PBXBuildFile; fileRef = 4E85EADB16BD9C7800B5C8EA /* Question34.m */; };
		4E93B8D616A90DB900D9EADB /* triangleQuestion18.txt in Resources */ = {isa = PBXBuildFile; fileRef = 4E93B8D516A90DB900D9EADB /* triangleQuestion18.txt */; };
		4E93B96F16A9C9DA00D9EADB /* BinaryObject.m in Sources */ = {isa = PBXBuildFile; fileRef = 4E93B8DF16A9C9D900D9EADB /* BinaryObject.m */; };
		4E93B97116A9C9DA00D9EADB /* Question1.m in Sources */ = {isa = PBXBuildFile; fileRef = 4E93B8E716A9C9D900D9EADB /* Question1.m */; };
		4E93B97216A9C9DA00D9EADB /* Question2.m in Sources */ = {isa = PBXBuildFile; fileRef = 4E93B8E916A9C9D900D9EADB /* Question2.m */; };
		4E93B97316A9C9DA00D9EADB /* Question3.m in Sources */ = {isa = PBXBuildFile; fileRef = 4E93B8EB16A9C9D900D9EADB /* Question3.m */; };
		4E93B97416A9C9DA00D9EADB /* Question4.m in Sources */ = {isa = PBXBuildFile; fileRef = 4E93B8ED16A9C9D900D9EADB /* Question4.m */; };
		4E93B97516A9C9DA00D9EADB /* Question5.m in Sources */ = {isa = PBXBuildFile; fileRef = 4E93B8EF16A9C9D900D9EADB /* Question5.m */; };
		4E93B97616A9C9DA00D9EADB /* Question11.m in Sources */ = {isa = PBXBuildFile; fileRef = 4E93B8F216A9C9D900D9EADB /* Question11.m */; };
		4E93B97716A9C9DA00D9EADB /* Question12.m in Sources */ = {isa = PBXBuildFile; fileRef = 4E93B8F416A9C9D900D9EADB /* Question12.m */; };
		4E93B97816A9C9DA00D9EADB /* Question13.m in Sources */ = {isa = PBXBuildFile; fileRef = 4E93B8F616A9C9D900D9EADB /* Question13.m */; };
		4E93B97916A9C9DA00D9EADB /* Question14.m in Sources */ = {isa = PBXBuildFile; fileRef = 4E93B8F816A9C9D900D9EADB /* Question14.m */; };
		4E93B97A16A9C9DA00D9EADB /* Question15.m in Sources */ = {isa = PBXBuildFile; fileRef = 4E93B8FA16A9C9D900D9EADB /* Question15.m */; };
		4E93B97B16A9C9DA00D9EADB /* Question16.m in Sources */ = {isa = PBXBuildFile; fileRef = 4E93B8FD16A9C9D900D9EADB /* Question16.m */; };
		4E93B97C16A9C9DA00D9EADB /* Question17.m in Sources */ = {isa = PBXBuildFile; fileRef = 4E93B8FF16A9C9D900D9EADB /* Question17.m */; };
		4E93B97D16A9C9DA00D9EADB /* Question18.m in Sources */ = {isa = PBXBuildFile; fileRef = 4E93B90116A9C9D900D9EADB /* Question18.m */; };
		4E93B97E16A9C9DA00D9EADB /* Question10.m in Sources */ = {isa = PBXBuildFile; fileRef = 4E93B90516A9C9D900D9EADB /* Question10.m */; };
		4E93B97F16A9C9DA00D9EADB /* Question6.m in Sources */ = {isa = PBXBuildFile; fileRef = 4E93B90716A9C9D900D9EADB /* Question6.m */; };
		4E93B98016A9C9DA00D9EADB /* Question7.m in Sources */ = {isa = PBXBuildFile; fileRef = 4E93B90916A9C9D900D9EADB /* Question7.m */; };
		4E93B98116A9C9DA00D9EADB /* Question8.m in Sources */ = {isa = PBXBuildFile; fileRef = 4E93B90B16A9C9D900D9EADB /* Question8.m */; };
		4E93B98216A9C9DA00D9EADB /* Question9.m in Sources */ = {isa = PBXBuildFile; fileRef = 4E93B90D16A9C9D900D9EADB /* Question9.m */; };
		4E93B98616A9CA5700D9EADB /* QuestionAndAnswer.m in Sources */ = {isa = PBXBuildFile; fileRef = 4E93B98516A9CA5700D9EADB /* QuestionAndAnswer.m */; };
		4E93B99416A9D82800D9EADB /* Question19.m in Sources */ = {isa = PBXBuildFile; fileRef = 4E93B99116A9D82700D9EADB /* Question19.m */; };
		4E93B99B16AB271600D9EADB /* Question20.m in Sources */ = {isa = PBXBuildFile; fileRef = 4E93B99A16AB271600D9EADB /* Question20.m */; };
		4E93B9B516AC74A400D9EADB /* Question21.m in Sources */ = {isa = PBXBuildFile; fileRef = 4E93B9B016AC74A400D9EADB /* Question21.m */; };
		4E93B9E516ADCCEF00D9EADB /* Question22.m in Sources */ = {isa = PBXBuildFile; fileRef = 4E93B9E416ADCCEF00D9EADB /* Question22.m */; };
		4E93B9E916ADCD0200D9EADB /* namesQuestion22.txt in Resources */ = {isa = PBXBuildFile; fileRef = 4E93B9E816ADCD0200D9EADB /* namesQuestion22.txt */; };
		4EFFD8F716C417FE0080148B /* Question39.m in Sources */ = {isa = PBXBuildFile; fileRef = 4EFFD8F616C417FE0080148B /* Question39.m */; };
/* End PBXBuildFile section */

/* Begin PBXFileReference section */
		4E04C70316897EF700DC881F /* Project Euler.app */ = {isa = PBXFileReference; explicitFileType = wrapper.application; includeInIndex = 0; path = "Project Euler.app"; sourceTree = BUILT_PRODUCTS_DIR; };
		4E04C70716897EF700DC881F /* UIKit.framework */ = {isa = PBXFileReference; lastKnownFileType = wrapper.framework; name = UIKit.framework; path = System/Library/Frameworks/UIKit.framework; sourceTree = SDKROOT; };
		4E04C70916897EF700DC881F /* Foundation.framework */ = {isa = PBXFileReference; lastKnownFileType = wrapper.framework; name = Foundation.framework; path = System/Library/Frameworks/Foundation.framework; sourceTree = SDKROOT; };
		4E04C70B16897EF700DC881F /* CoreGraphics.framework */ = {isa = PBXFileReference; lastKnownFileType = wrapper.framework; name = CoreGraphics.framework; path = System/Library/Frameworks/CoreGraphics.framework; sourceTree = SDKROOT; };
		4E04C738168985EE00DC881F /* AppDelegate.h */ = {isa = PBXFileReference; fileEncoding = 4; lastKnownFileType = sourcecode.c.h; path = AppDelegate.h; sourceTree = "<group>"; };
		4E04C739168985EE00DC881F /* AppDelegate.m */ = {isa = PBXFileReference; fileEncoding = 4; lastKnownFileType = sourcecode.c.objc; path = AppDelegate.m; sourceTree = "<group>"; };
		4E04C7A4168985EE00DC881F /* ViewController.h */ = {isa = PBXFileReference; fileEncoding = 4; lastKnownFileType = sourcecode.c.h; path = ViewController.h; sourceTree = "<group>"; };
		4E04C7A5168985EE00DC881F /* ViewController.m */ = {isa = PBXFileReference; fileEncoding = 4; lastKnownFileType = sourcecode.c.objc; path = ViewController.m; sourceTree = "<group>"; };
		4E04C7B0168985EE00DC881F /* MainStoryboard_iPad.storyboard */ = {isa = PBXFileReference; fileEncoding = 4; lastKnownFileType = file.storyboard; path = MainStoryboard_iPad.storyboard; sourceTree = "<group>"; };
		4E04C7B2168985EE00DC881F /* MainStoryboard_iPhone.storyboard */ = {isa = PBXFileReference; fileEncoding = 4; lastKnownFileType = file.storyboard; path = MainStoryboard_iPhone.storyboard; sourceTree = "<group>"; };
		4E04C7B4168985EE00DC881F /* InfoPlist.strings */ = {isa = PBXFileReference; fileEncoding = 4; lastKnownFileType = text.plist.strings; path = InfoPlist.strings; sourceTree = "<group>"; };
		4E04C7B5168985EE00DC881F /* main.m */ = {isa = PBXFileReference; fileEncoding = 4; lastKnownFileType = sourcecode.c.objc; path = main.m; sourceTree = "<group>"; };
		4E04C7B6168985EE00DC881F /* Project Euler-Info.plist */ = {isa = PBXFileReference; fileEncoding = 4; lastKnownFileType = text.plist.xml; path = "Project Euler-Info.plist"; sourceTree = "<group>"; };
		4E04C7B7168985EE00DC881F /* Project Euler-Prefix.pch */ = {isa = PBXFileReference; fileEncoding = 4; lastKnownFileType = sourcecode.c.h; path = "Project Euler-Prefix.pch"; sourceTree = "<group>"; };
		4E04C7BF168986C600DC881F /* Global.h */ = {isa = PBXFileReference; lastKnownFileType = sourcecode.c.h; path = Global.h; sourceTree = "<group>"; };
		4E04C7CB168C33E800DC881F /* DetailViewController.h */ = {isa = PBXFileReference; fileEncoding = 4; lastKnownFileType = sourcecode.c.h; path = DetailViewController.h; sourceTree = "<group>"; };
		4E04C7CC168C33E800DC881F /* DetailViewController.m */ = {isa = PBXFileReference; fileEncoding = 4; lastKnownFileType = sourcecode.c.objc; path = DetailViewController.m; sourceTree = "<group>"; };
		4E04C7CF168C373A00DC881F /* QuestionCell.h */ = {isa = PBXFileReference; fileEncoding = 4; lastKnownFileType = sourcecode.c.h; path = QuestionCell.h; sourceTree = "<group>"; };
		4E04C7D0168C373A00DC881F /* QuestionCell.m */ = {isa = PBXFileReference; fileEncoding = 4; lastKnownFileType = sourcecode.c.objc; path = QuestionCell.m; sourceTree = "<group>"; };
		4E04C7D916917B0200DC881F /* Default.png */ = {isa = PBXFileReference; lastKnownFileType = image.png; path = Default.png; sourceTree = "<group>"; };
		4E04C7DB16917B0200DC881F /* Default-568h@2x.png */ = {isa = PBXFileReference; lastKnownFileType = image.png; path = "Default-568h@2x.png"; sourceTree = "<group>"; };
		4E04C7DC16917B0200DC881F /* Default@2x.png */ = {isa = PBXFileReference; lastKnownFileType = image.png; path = "Default@2x.png"; sourceTree = "<group>"; };
		4E04C8361694D8ED00DC881F /* CustomNavigationController.h */ = {isa = PBXFileReference; fileEncoding = 4; lastKnownFileType = sourcecode.c.h; path = CustomNavigationController.h; sourceTree = "<group>"; };
		4E04C8371694D8ED00DC881F /* CustomNavigationController.m */ = {isa = PBXFileReference; fileEncoding = 4; lastKnownFileType = sourcecode.c.objc; path = CustomNavigationController.m; sourceTree = "<group>"; };
		4E13500F169F910900B7CE92 /* Structures.h */ = {isa = PBXFileReference; lastKnownFileType = sourcecode.c.h; path = Structures.h; sourceTree = "<group>"; };
		4E13503716A27D0F00B7CE92 /* BigInt.h */ = {isa = PBXFileReference; fileEncoding = 4; lastKnownFileType = sourcecode.c.h; path = BigInt.h; sourceTree = "<group>"; };
		4E13503816A27D0F00B7CE92 /* BigInt.m */ = {isa = PBXFileReference; fileEncoding = 4; lastKnownFileType = sourcecode.c.objc; path = BigInt.m; sourceTree = "<group>"; };
		4E26635316C384CE0012F6E8 /* Question38.h */ = {isa = PBXFileReference; fileEncoding = 4; lastKnownFileType = sourcecode.c.h; path = Question38.h; sourceTree = "<group>"; };
		4E26635416C384CE0012F6E8 /* Question38.m */ = {isa = PBXFileReference; fileEncoding = 4; lastKnownFileType = sourcecode.c.objc; path = Question38.m; sourceTree = "<group>"; };
		4E33E32F16BFB8F80067FE8D /* Question35.h */ = {isa = PBXFileReference; fileEncoding = 4; lastKnownFileType = sourcecode.c.h; path = Question35.h; sourceTree = "<group>"; };
		4E33E33016BFB8F80067FE8D /* Question35.m */ = {isa = PBXFileReference; fileEncoding = 4; lastKnownFileType = sourcecode.c.objc; path = Question35.m; sourceTree = "<group>"; };
		4E33E33216C0AE240067FE8D /* Question36.h */ = {isa = PBXFileReference; fileEncoding = 4; lastKnownFileType = sourcecode.c.h; path = Question36.h; sourceTree = "<group>"; };
		4E33E33316C0AE240067FE8D /* Question36.m */ = {isa = PBXFileReference; fileEncoding = 4; lastKnownFileType = sourcecode.c.objc; path = Question36.m; sourceTree = "<group>"; };
		4E33E34216C1A7C10067FE8D /* Question37.h */ = {isa = PBXFileReference; fileEncoding = 4; lastKnownFileType = sourcecode.c.h; path = Question37.h; sourceTree = "<group>"; };
		4E33E34316C1A7C10067FE8D /* Question37.m */ = {isa = PBXFileReference; fileEncoding = 4; lastKnownFileType = sourcecode.c.objc; path = Question37.m; sourceTree = "<group>"; };
		4E68BF6B16AFC4F00027BC71 /* Question23.h */ = {isa = PBXFileReference; fileEncoding = 4; lastKnownFileType = sourcecode.c.h; path = Question23.h; sourceTree = "<group>"; };
		4E68BF6C16AFC4F00027BC71 /* Question23.m */ = {isa = PBXFileReference; fileEncoding = 4; lastKnownFileType = sourcecode.c.objc; path = Question23.m; sourceTree = "<group>"; };
		4E68BF7216B0699F0027BC71 /* Question24.h */ = {isa = PBXFileReference; fileEncoding = 4; lastKnownFileType = sourcecode.c.h; path = Question24.h; sourceTree = "<group>"; };
		4E68BF7316B0699F0027BC71 /* Question24.m */ = {isa = PBXFileReference; fileEncoding = 4; lastKnownFileType = sourcecode.c.objc; path = Question24.m; sourceTree = "<group>"; };
		4E68BFE016B1D69A0027BC71 /* Question25.h */ = {isa = PBXFileReference; fileEncoding = 4; lastKnownFileType = sourcecode.c.h; path = Question25.h; sourceTree = "<group>"; };
		4E68BFE116B1D69A0027BC71 /* Question25.m */ = {isa = PBXFileReference; fileEncoding = 4; lastKnownFileType = sourcecode.c.objc; path = Question25.m; sourceTree = "<group>"; };
		4E68BFF216B31FD10027BC71 /* Question26.h */ = {isa = PBXFileReference; fileEncoding = 4; lastKnownFileType = sourcecode.c.h; path = Question26.h; sourceTree = "<group>"; };
		4E68BFF316B31FD10027BC71 /* Question26.m */ = {isa = PBXFileReference; fileEncoding = 4; lastKnownFileType = sourcecode.c.objc; path = Question26.m; sourceTree = "<group>"; };
		4E68C1E316B466EA0027BC71 /* Question27.h */ = {isa = PBXFileReference; fileEncoding = 4; lastKnownFileType = sourcecode.c.h; path = Question27.h; sourceTree = "<group>"; };
		4E68C1E416B466EA0027BC71 /* Question27.m */ = {isa = PBXFileReference; fileEncoding = 4; lastKnownFileType = sourcecode.c.objc; path = Question27.m; sourceTree = "<group>"; };
		4E72A80716C57224006DB097 /* Question40.h */ = {isa = PBXFileReference; fileEncoding = 4; lastKnownFileType = sourcecode.c.h; path = Question40.h; sourceTree = "<group>"; };
		4E72A80816C57224006DB097 /* Question40.m */ = {isa = PBXFileReference; fileEncoding = 4; lastKnownFileType = sourcecode.c.objc; path = Question40.m; sourceTree = "<group>"; };
		4E72A84316C6F099006DB097 /* Question41.h */ = {isa = PBXFileReference; fileEncoding = 4; lastKnownFileType = sourcecode.c.h; path = Question41.h; sourceTree = "<group>"; };
		4E72A84416C6F099006DB097 /* Question41.m */ = {isa = PBXFileReference; fileEncoding = 4; lastKnownFileType = sourcecode.c.objc; path = Question41.m; sourceTree = "<group>"; };
		4E85E55C16B5F2AA00B5C8EA /* Question28.h */ = {isa = PBXFileReference; fileEncoding = 4; lastKnownFileType = sourcecode.c.h; path = Question28.h; sourceTree = "<group>"; };
		4E85E55D16B5F2AA00B5C8EA /* Question28.m */ = {isa = PBXFileReference; fileEncoding = 4; lastKnownFileType = sourcecode.c.objc; path = Question28.m; sourceTree = "<group>"; };
		4E85E56416B6FA4900B5C8EA /* Question29.h */ = {isa = PBXFileReference; fileEncoding = 4; lastKnownFileType = sourcecode.c.h; path = Question29.h; sourceTree = "<group>"; };
		4E85E56516B6FA4900B5C8EA /* Question29.m */ = {isa = PBXFileReference; fileEncoding = 4; lastKnownFileType = sourcecode.c.objc; path = Question29.m; sourceTree = "<group>"; };
		4E85E56E16B8591600B5C8EA /* Question30.h */ = {isa = PBXFileReference; fileEncoding = 4; lastKnownFileType = sourcecode.c.h; path = Question30.h; sourceTree = "<group>"; };
		4E85E56F16B8591600B5C8EA /* Question30.m */ = {isa = PBXFileReference; fileEncoding = 4; lastKnownFileType = sourcecode.c.objc; path = Question30.m; sourceTree = "<group>"; };
		4E85EA9916B9B1A000B5C8EA /* Question31.h */ = {isa = PBXFileReference; fileEncoding = 4; lastKnownFileType = sourcecode.c.h; path = Question31.h; sourceTree = "<group>"; };
		4E85EA9A16B9B1A000B5C8EA /* Question31.m */ = {isa = PBXFileReference; fileEncoding = 4; lastKnownFileType = sourcecode.c.objc; path = Question31.m; sourceTree = "<group>"; };
		4E85EAA816BB010D00B5C8EA /* Question32.h */ = {isa = PBXFileReference; fileEncoding = 4; lastKnownFileType = sourcecode.c.h; path = Question32.h; sourceTree = "<group>"; };
		4E85EAA916BB010D00B5C8EA /* Question32.m */ = {isa = PBXFileReference; fileEncoding = 4; lastKnownFileType = sourcecode.c.objc; path = Question32.m; sourceTree = "<group>"; };
		4E85EACE16BC4AF300B5C8EA /* Question33.h */ = {isa = PBXFileReference; fileEncoding = 4; lastKnownFileType = sourcecode.c.h; path = Question33.h; sourceTree = "<group>"; };
		4E85EACF16BC4AF300B5C8EA /* Question33.m */ = {isa = PBXFileReference; fileEncoding = 4; lastKnownFileType = sourcecode.c.objc; path = Question33.m; sourceTree = "<group>"; };
		4E85EADA16BD9C7700B5C8EA /* Question34.h */ = {isa = PBXFileReference; fileEncoding = 4; lastKnownFileType = sourcecode.c.h; path = Question34.h; sourceTree = "<group>"; };
		4E85EADB16BD9C7800B5C8EA /* Question34.m */ = {isa = PBXFileReference; fileEncoding = 4; lastKnownFileType = sourcecode.c.objc; path = Question34.m; sourceTree = "<group>"; };
		4E93B8D516A90DB900D9EADB /* triangleQuestion18.txt */ = {isa = PBXFileReference; fileEncoding = 4; lastKnownFileType = text; path = triangleQuestion18.txt; sourceTree = "<group>"; };
		4E93B8DE16A9C9D900D9EADB /* BinaryObject.h */ = {isa = PBXFileReference; fileEncoding = 4; lastKnownFileType = sourcecode.c.h; path = BinaryObject.h; sourceTree = "<group>"; };
		4E93B8DF16A9C9D900D9EADB /* BinaryObject.m */ = {isa = PBXFileReference; fileEncoding = 4; lastKnownFileType = sourcecode.c.objc; path = BinaryObject.m; sourceTree = "<group>"; };
		4E93B8E616A9C9D900D9EADB /* Question1.h */ = {isa = PBXFileReference; fileEncoding = 4; lastKnownFileType = sourcecode.c.h; path = Question1.h; sourceTree = "<group>"; };
		4E93B8E716A9C9D900D9EADB /* Question1.m */ = {isa = PBXFileReference; fileEncoding = 4; lastKnownFileType = sourcecode.c.objc; path = Question1.m; sourceTree = "<group>"; };
		4E93B8E816A9C9D900D9EADB /* Question2.h */ = {isa = PBXFileReference; fileEncoding = 4; lastKnownFileType = sourcecode.c.h; path = Question2.h; sourceTree = "<group>"; };
		4E93B8E916A9C9D900D9EADB /* Question2.m */ = {isa = PBXFileReference; fileEncoding = 4; lastKnownFileType = sourcecode.c.objc; path = Question2.m; sourceTree = "<group>"; };
		4E93B8EA16A9C9D900D9EADB /* Question3.h */ = {isa = PBXFileReference; fileEncoding = 4; lastKnownFileType = sourcecode.c.h; path = Question3.h; sourceTree = "<group>"; };
		4E93B8EB16A9C9D900D9EADB /* Question3.m */ = {isa = PBXFileReference; fileEncoding = 4; lastKnownFileType = sourcecode.c.objc; path = Question3.m; sourceTree = "<group>"; };
		4E93B8EC16A9C9D900D9EADB /* Question4.h */ = {isa = PBXFileReference; fileEncoding = 4; lastKnownFileType = sourcecode.c.h; path = Question4.h; sourceTree = "<group>"; };
		4E93B8ED16A9C9D900D9EADB /* Question4.m */ = {isa = PBXFileReference; fileEncoding = 4; lastKnownFileType = sourcecode.c.objc; path = Question4.m; sourceTree = "<group>"; };
		4E93B8EE16A9C9D900D9EADB /* Question5.h */ = {isa = PBXFileReference; fileEncoding = 4; lastKnownFileType = sourcecode.c.h; path = Question5.h; sourceTree = "<group>"; };
		4E93B8EF16A9C9D900D9EADB /* Question5.m */ = {isa = PBXFileReference; fileEncoding = 4; lastKnownFileType = sourcecode.c.objc; path = Question5.m; sourceTree = "<group>"; };
		4E93B8F116A9C9D900D9EADB /* Question11.h */ = {isa = PBXFileReference; fileEncoding = 4; lastKnownFileType = sourcecode.c.h; path = Question11.h; sourceTree = "<group>"; };
		4E93B8F216A9C9D900D9EADB /* Question11.m */ = {isa = PBXFileReference; fileEncoding = 4; lastKnownFileType = sourcecode.c.objc; path = Question11.m; sourceTree = "<group>"; };
		4E93B8F316A9C9D900D9EADB /* Question12.h */ = {isa = PBXFileReference; fileEncoding = 4; lastKnownFileType = sourcecode.c.h; path = Question12.h; sourceTree = "<group>"; };
		4E93B8F416A9C9D900D9EADB /* Question12.m */ = {isa = PBXFileReference; fileEncoding = 4; lastKnownFileType = sourcecode.c.objc; path = Question12.m; sourceTree = "<group>"; };
		4E93B8F516A9C9D900D9EADB /* Question13.h */ = {isa = PBXFileReference; fileEncoding = 4; lastKnownFileType = sourcecode.c.h; path = Question13.h; sourceTree = "<group>"; };
		4E93B8F616A9C9D900D9EADB /* Question13.m */ = {isa = PBXFileReference; fileEncoding = 4; lastKnownFileType = sourcecode.c.objc; path = Question13.m; sourceTree = "<group>"; };
		4E93B8F716A9C9D900D9EADB /* Question14.h */ = {isa = PBXFileReference; fileEncoding = 4; lastKnownFileType = sourcecode.c.h; path = Question14.h; sourceTree = "<group>"; };
		4E93B8F816A9C9D900D9EADB /* Question14.m */ = {isa = PBXFileReference; fileEncoding = 4; lastKnownFileType = sourcecode.c.objc; path = Question14.m; sourceTree = "<group>"; };
		4E93B8F916A9C9D900D9EADB /* Question15.h */ = {isa = PBXFileReference; fileEncoding = 4; lastKnownFileType = sourcecode.c.h; path = Question15.h; sourceTree = "<group>"; };
		4E93B8FA16A9C9D900D9EADB /* Question15.m */ = {isa = PBXFileReference; fileEncoding = 4; lastKnownFileType = sourcecode.c.objc; path = Question15.m; sourceTree = "<group>"; };
		4E93B8FC16A9C9D900D9EADB /* Question16.h */ = {isa = PBXFileReference; fileEncoding = 4; lastKnownFileType = sourcecode.c.h; path = Question16.h; sourceTree = "<group>"; };
		4E93B8FD16A9C9D900D9EADB /* Question16.m */ = {isa = PBXFileReference; fileEncoding = 4; lastKnownFileType = sourcecode.c.objc; path = Question16.m; sourceTree = "<group>"; };
		4E93B8FE16A9C9D900D9EADB /* Question17.h */ = {isa = PBXFileReference; fileEncoding = 4; lastKnownFileType = sourcecode.c.h; path = Question17.h; sourceTree = "<group>"; };
		4E93B8FF16A9C9D900D9EADB /* Question17.m */ = {isa = PBXFileReference; fileEncoding = 4; lastKnownFileType = sourcecode.c.objc; path = Question17.m; sourceTree = "<group>"; };
		4E93B90016A9C9D900D9EADB /* Question18.h */ = {isa = PBXFileReference; fileEncoding = 4; lastKnownFileType = sourcecode.c.h; path = Question18.h; sourceTree = "<group>"; };
		4E93B90116A9C9D900D9EADB /* Question18.m */ = {isa = PBXFileReference; fileEncoding = 4; lastKnownFileType = sourcecode.c.objc; path = Question18.m; sourceTree = "<group>"; };
		4E93B90416A9C9D900D9EADB /* Question10.h */ = {isa = PBXFileReference; fileEncoding = 4; lastKnownFileType = sourcecode.c.h; path = Question10.h; sourceTree = "<group>"; };
		4E93B90516A9C9D900D9EADB /* Question10.m */ = {isa = PBXFileReference; fileEncoding = 4; lastKnownFileType = sourcecode.c.objc; path = Question10.m; sourceTree = "<group>"; };
		4E93B90616A9C9D900D9EADB /* Question6.h */ = {isa = PBXFileReference; fileEncoding = 4; lastKnownFileType = sourcecode.c.h; path = Question6.h; sourceTree = "<group>"; };
		4E93B90716A9C9D900D9EADB /* Question6.m */ = {isa = PBXFileReference; fileEncoding = 4; lastKnownFileType = sourcecode.c.objc; path = Question6.m; sourceTree = "<group>"; };
		4E93B90816A9C9D900D9EADB /* Question7.h */ = {isa = PBXFileReference; fileEncoding = 4; lastKnownFileType = sourcecode.c.h; path = Question7.h; sourceTree = "<group>"; };
		4E93B90916A9C9D900D9EADB /* Question7.m */ = {isa = PBXFileReference; fileEncoding = 4; lastKnownFileType = sourcecode.c.objc; path = Question7.m; sourceTree = "<group>"; };
		4E93B90A16A9C9D900D9EADB /* Question8.h */ = {isa = PBXFileReference; fileEncoding = 4; lastKnownFileType = sourcecode.c.h; path = Question8.h; sourceTree = "<group>"; };
		4E93B90B16A9C9D900D9EADB /* Question8.m */ = {isa = PBXFileReference; fileEncoding = 4; lastKnownFileType = sourcecode.c.objc; path = Question8.m; sourceTree = "<group>"; };
		4E93B90C16A9C9D900D9EADB /* Question9.h */ = {isa = PBXFileReference; fileEncoding = 4; lastKnownFileType = sourcecode.c.h; path = Question9.h; sourceTree = "<group>"; };
		4E93B90D16A9C9D900D9EADB /* Question9.m */ = {isa = PBXFileReference; fileEncoding = 4; lastKnownFileType = sourcecode.c.objc; path = Question9.m; sourceTree = "<group>"; };
		4E93B98416A9CA5700D9EADB /* QuestionAndAnswer.h */ = {isa = PBXFileReference; fileEncoding = 4; lastKnownFileType = sourcecode.c.h; path = QuestionAndAnswer.h; sourceTree = "<group>"; };
		4E93B98516A9CA5700D9EADB /* QuestionAndAnswer.m */ = {isa = PBXFileReference; fileEncoding = 4; lastKnownFileType = sourcecode.c.objc; path = QuestionAndAnswer.m; sourceTree = "<group>"; };
		4E93B99016A9D82700D9EADB /* Question19.h */ = {isa = PBXFileReference; fileEncoding = 4; lastKnownFileType = sourcecode.c.h; path = Question19.h; sourceTree = "<group>"; };
		4E93B99116A9D82700D9EADB /* Question19.m */ = {isa = PBXFileReference; fileEncoding = 4; lastKnownFileType = sourcecode.c.objc; path = Question19.m; sourceTree = "<group>"; };
		4E93B99916AB271600D9EADB /* Question20.h */ = {isa = PBXFileReference; fileEncoding = 4; lastKnownFileType = sourcecode.c.h; path = Question20.h; sourceTree = "<group>"; };
		4E93B99A16AB271600D9EADB /* Question20.m */ = {isa = PBXFileReference; fileEncoding = 4; lastKnownFileType = sourcecode.c.objc; path = Question20.m; sourceTree = "<group>"; };
		4E93B9AF16AC74A400D9EADB /* Question21.h */ = {isa = PBXFileReference; fileEncoding = 4; lastKnownFileType = sourcecode.c.h; path = Question21.h; sourceTree = "<group>"; };
		4E93B9B016AC74A400D9EADB /* Question21.m */ = {isa = PBXFileReference; fileEncoding = 4; lastKnownFileType = sourcecode.c.objc; path = Question21.m; sourceTree = "<group>"; };
		4E93B9E316ADCCEF00D9EADB /* Question22.h */ = {isa = PBXFileReference; fileEncoding = 4; lastKnownFileType = sourcecode.c.h; path = Question22.h; sourceTree = "<group>"; };
		4E93B9E416ADCCEF00D9EADB /* Question22.m */ = {isa = PBXFileReference; fileEncoding = 4; lastKnownFileType = sourcecode.c.objc; path = Question22.m; sourceTree = "<group>"; };
		4E93B9E816ADCD0200D9EADB /* namesQuestion22.txt */ = {isa = PBXFileReference; fileEncoding = 4; lastKnownFileType = text; path = namesQuestion22.txt; sourceTree = "<group>"; };
		4EFFD8F516C417FE0080148B /* Question39.h */ = {isa = PBXFileReference; fileEncoding = 4; lastKnownFileType = sourcecode.c.h; path = Question39.h; sourceTree = "<group>"; };
		4EFFD8F616C417FE0080148B /* Question39.m */ = {isa = PBXFileReference; fileEncoding = 4; lastKnownFileType = sourcecode.c.objc; path = Question39.m; sourceTree = "<group>"; };
/* End PBXFileReference section */

/* Begin PBXFrameworksBuildPhase section */
		4E04C70016897EF700DC881F /* Frameworks */ = {
			isa = PBXFrameworksBuildPhase;
			buildActionMask = 2147483647;
			files = (
				4E04C70816897EF700DC881F /* UIKit.framework in Frameworks */,
				4E04C70A16897EF700DC881F /* Foundation.framework in Frameworks */,
				4E04C70C16897EF700DC881F /* CoreGraphics.framework in Frameworks */,
			);
			runOnlyForDeploymentPostprocessing = 0;
		};
/* End PBXFrameworksBuildPhase section */

/* Begin PBXGroup section */
		4E04C6F816897EF700DC881F = {
			isa = PBXGroup;
			children = (
				4E04C736168985EE00DC881F /* Classes */,
				4E04C7A6168985EE00DC881F /* Res */,
				4E04C70616897EF700DC881F /* Frameworks */,
				4E04C70416897EF700DC881F /* Products */,
			);
			sourceTree = "<group>";
		};
		4E04C70416897EF700DC881F /* Products */ = {
			isa = PBXGroup;
			children = (
				4E04C70316897EF700DC881F /* Project Euler.app */,
			);
			name = Products;
			sourceTree = "<group>";
		};
		4E04C70616897EF700DC881F /* Frameworks */ = {
			isa = PBXGroup;
			children = (
				4E04C70716897EF700DC881F /* UIKit.framework */,
				4E04C70916897EF700DC881F /* Foundation.framework */,
				4E04C70B16897EF700DC881F /* CoreGraphics.framework */,
			);
			name = Frameworks;
			sourceTree = "<group>";
		};
		4E04C736168985EE00DC881F /* Classes */ = {
			isa = PBXGroup;
			children = (
				4E13503616A27D0F00B7CE92 /* BigInt */,
				4E04C8351694D8A400DC881F /* Custom UIKit */,
				4E04C737168985EE00DC881F /* Global */,
				4E93B8DC16A9C9D900D9EADB /* Objects */,
				4E93B8E016A9C9D900D9EADB /* Question Objects */,
				4E04C7CE168C372100DC881F /* UITableViewCells */,
				4E04C7A3168985EE00DC881F /* View Controllers */,
			);
			name = Classes;
			path = Files/Classes;
			sourceTree = "<group>";
		};
		4E04C737168985EE00DC881F /* Global */ = {
			isa = PBXGroup;
			children = (
				4E04C738168985EE00DC881F /* AppDelegate.h */,
				4E04C739168985EE00DC881F /* AppDelegate.m */,
				4E04C7BF168986C600DC881F /* Global.h */,
				4E13500F169F910900B7CE92 /* Structures.h */,
			);
			path = Global;
			sourceTree = "<group>";
		};
		4E04C7A3168985EE00DC881F /* View Controllers */ = {
			isa = PBXGroup;
			children = (
				4E04C7CB168C33E800DC881F /* DetailViewController.h */,
				4E04C7CC168C33E800DC881F /* DetailViewController.m */,
				4E04C7A4168985EE00DC881F /* ViewController.h */,
				4E04C7A5168985EE00DC881F /* ViewController.m */,
			);
			path = "View Controllers";
			sourceTree = "<group>";
		};
		4E04C7A6168985EE00DC881F /* Res */ = {
			isa = PBXGroup;
			children = (
				4E93B8D316A90DB900D9EADB /* Files To Load */,
				4E04C7A7168985EE00DC881F /* Images */,
				4E04C7AE168985EE00DC881F /* Storyboards */,
				4E04C7B3168985EE00DC881F /* Supporting Files */,
			);
			name = Res;
			path = Files/Res;
			sourceTree = "<group>";
		};
		4E04C7A7168985EE00DC881F /* Images */ = {
			isa = PBXGroup;
			children = (
				4E04C7A8168985EE00DC881F /* iPad */,
				4E04C7D716917B0200DC881F /* iPhone */,
			);
			path = Images;
			sourceTree = "<group>";
		};
		4E04C7A8168985EE00DC881F /* iPad */ = {
			isa = PBXGroup;
			children = (
				4E04C7A9168985EE00DC881F /* Normal */,
				4E04C7AA168985EE00DC881F /* Retina */,
			);
			path = iPad;
			sourceTree = "<group>";
		};
		4E04C7A9168985EE00DC881F /* Normal */ = {
			isa = PBXGroup;
			children = (
			);
			path = Normal;
			sourceTree = "<group>";
		};
		4E04C7AA168985EE00DC881F /* Retina */ = {
			isa = PBXGroup;
			children = (
			);
			path = Retina;
			sourceTree = "<group>";
		};
		4E04C7AE168985EE00DC881F /* Storyboards */ = {
			isa = PBXGroup;
			children = (
				4E04C7AF168985EE00DC881F /* iPad */,
				4E04C7B1168985EE00DC881F /* iPhone */,
			);
			path = Storyboards;
			sourceTree = "<group>";
		};
		4E04C7AF168985EE00DC881F /* iPad */ = {
			isa = PBXGroup;
			children = (
				4E04C7B0168985EE00DC881F /* MainStoryboard_iPad.storyboard */,
			);
			path = iPad;
			sourceTree = "<group>";
		};
		4E04C7B1168985EE00DC881F /* iPhone */ = {
			isa = PBXGroup;
			children = (
				4E04C7B2168985EE00DC881F /* MainStoryboard_iPhone.storyboard */,
			);
			path = iPhone;
			sourceTree = "<group>";
		};
		4E04C7B3168985EE00DC881F /* Supporting Files */ = {
			isa = PBXGroup;
			children = (
				4E04C7B4168985EE00DC881F /* InfoPlist.strings */,
				4E04C7B5168985EE00DC881F /* main.m */,
				4E04C7B6168985EE00DC881F /* Project Euler-Info.plist */,
				4E04C7B7168985EE00DC881F /* Project Euler-Prefix.pch */,
			);
			path = "Supporting Files";
			sourceTree = "<group>";
		};
		4E04C7CE168C372100DC881F /* UITableViewCells */ = {
			isa = PBXGroup;
			children = (
				4E04C7CF168C373A00DC881F /* QuestionCell.h */,
				4E04C7D0168C373A00DC881F /* QuestionCell.m */,
			);
			path = UITableViewCells;
			sourceTree = "<group>";
		};
		4E04C7D716917B0200DC881F /* iPhone */ = {
			isa = PBXGroup;
			children = (
				4E04C7D816917B0200DC881F /* Normal */,
				4E04C7DA16917B0200DC881F /* Retina */,
			);
			path = iPhone;
			sourceTree = "<group>";
		};
		4E04C7D816917B0200DC881F /* Normal */ = {
			isa = PBXGroup;
			children = (
				4E04C7D916917B0200DC881F /* Default.png */,
			);
			path = Normal;
			sourceTree = "<group>";
		};
		4E04C7DA16917B0200DC881F /* Retina */ = {
			isa = PBXGroup;
			children = (
				4E04C7DB16917B0200DC881F /* Default-568h@2x.png */,
				4E04C7DC16917B0200DC881F /* Default@2x.png */,
			);
			path = Retina;
			sourceTree = "<group>";
		};
		4E04C8351694D8A400DC881F /* Custom UIKit */ = {
			isa = PBXGroup;
			children = (
				4E04C8361694D8ED00DC881F /* CustomNavigationController.h */,
				4E04C8371694D8ED00DC881F /* CustomNavigationController.m */,
			);
			path = "Custom UIKit";
			sourceTree = "<group>";
		};
		4E13503616A27D0F00B7CE92 /* BigInt */ = {
			isa = PBXGroup;
			children = (
				4E13503716A27D0F00B7CE92 /* BigInt.h */,
				4E13503816A27D0F00B7CE92 /* BigInt.m */,
			);
			path = BigInt;
			sourceTree = "<group>";
		};
		4E93B8D316A90DB900D9EADB /* Files To Load */ = {
			isa = PBXGroup;
			children = (
				4E93B8D416A90DB900D9EADB /* Question 18 */,
				4E93B9E716ADCD0200D9EADB /* Question 22 */,
			);
			path = "Files To Load";
			sourceTree = "<group>";
		};
		4E93B8D416A90DB900D9EADB /* Question 18 */ = {
			isa = PBXGroup;
			children = (
				4E93B8D516A90DB900D9EADB /* triangleQuestion18.txt */,
			);
			path = "Question 18";
			sourceTree = "<group>";
		};
		4E93B8DC16A9C9D900D9EADB /* Objects */ = {
			isa = PBXGroup;
			children = (
				4E93B8DD16A9C9D900D9EADB /* Binary Object */,
			);
			path = Objects;
			sourceTree = "<group>";
		};
		4E93B8DD16A9C9D900D9EADB /* Binary Object */ = {
			isa = PBXGroup;
			children = (
				4E93B8DE16A9C9D900D9EADB /* BinaryObject.h */,
				4E93B8DF16A9C9D900D9EADB /* BinaryObject.m */,
			);
			path = "Binary Object";
			sourceTree = "<group>";
		};
		4E93B8E016A9C9D900D9EADB /* Question Objects */ = {
			isa = PBXGroup;
			children = (
				4E93B8E316A9C9D900D9EADB /* Questions 1-100 */,
				4E93B92016A9C9D900D9EADB /* Questions 101-200 */,
				4E93B93916A9C9DA00D9EADB /* Questions 201-300 */,
				4E93B95216A9C9DA00D9EADB /* Questions 301-400 */,
				4E93B96B16A9C9DA00D9EADB /* Questions 401-500 */,
				4E93B98316A9CA5700D9EADB /* Super Class Question */,
			);
			path = "Question Objects";
			sourceTree = "<group>";
		};
		4E93B8E316A9C9D900D9EADB /* Questions 1-100 */ = {
			isa = PBXGroup;
			children = (
				4E93B8E416A9C9D900D9EADB /* Questions 1-25 */,
				4E93B90E16A9C9D900D9EADB /* Questions 26-50 */,
				4E93B91416A9C9D900D9EADB /* Questions 51-75 */,
				4E93B91A16A9C9D900D9EADB /* Questions 76-100 */,
			);
			path = "Questions 1-100";
			sourceTree = "<group>";
		};
		4E93B8E416A9C9D900D9EADB /* Questions 1-25 */ = {
			isa = PBXGroup;
			children = (
				4E93B8E516A9C9D900D9EADB /* Questions 1-5 */,
				4E93B90316A9C9D900D9EADB /* Questions 6-10 */,
				4E93B8F016A9C9D900D9EADB /* Questions 11-15 */,
				4E93B8FB16A9C9D900D9EADB /* Questions 16-20 */,
				4E93B90216A9C9D900D9EADB /* Questions 21-25 */,
			);
			path = "Questions 1-25";
			sourceTree = "<group>";
		};
		4E93B8E516A9C9D900D9EADB /* Questions 1-5 */ = {
			isa = PBXGroup;
			children = (
				4E93B8E616A9C9D900D9EADB /* Question1.h */,
				4E93B8E716A9C9D900D9EADB /* Question1.m */,
				4E93B8E816A9C9D900D9EADB /* Question2.h */,
				4E93B8E916A9C9D900D9EADB /* Question2.m */,
				4E93B8EA16A9C9D900D9EADB /* Question3.h */,
				4E93B8EB16A9C9D900D9EADB /* Question3.m */,
				4E93B8EC16A9C9D900D9EADB /* Question4.h */,
				4E93B8ED16A9C9D900D9EADB /* Question4.m */,
				4E93B8EE16A9C9D900D9EADB /* Question5.h */,
				4E93B8EF16A9C9D900D9EADB /* Question5.m */,
			);
			path = "Questions 1-5";
			sourceTree = "<group>";
		};
		4E93B8F016A9C9D900D9EADB /* Questions 11-15 */ = {
			isa = PBXGroup;
			children = (
				4E93B8F116A9C9D900D9EADB /* Question11.h */,
				4E93B8F216A9C9D900D9EADB /* Question11.m */,
				4E93B8F316A9C9D900D9EADB /* Question12.h */,
				4E93B8F416A9C9D900D9EADB /* Question12.m */,
				4E93B8F516A9C9D900D9EADB /* Question13.h */,
				4E93B8F616A9C9D900D9EADB /* Question13.m */,
				4E93B8F716A9C9D900D9EADB /* Question14.h */,
				4E93B8F816A9C9D900D9EADB /* Question14.m */,
				4E93B8F916A9C9D900D9EADB /* Question15.h */,
				4E93B8FA16A9C9D900D9EADB /* Question15.m */,
			);
			path = "Questions 11-15";
			sourceTree = "<group>";
		};
		4E93B8FB16A9C9D900D9EADB /* Questions 16-20 */ = {
			isa = PBXGroup;
			children = (
				4E93B8FC16A9C9D900D9EADB /* Question16.h */,
				4E93B8FD16A9C9D900D9EADB /* Question16.m */,
				4E93B8FE16A9C9D900D9EADB /* Question17.h */,
				4E93B8FF16A9C9D900D9EADB /* Question17.m */,
				4E93B90016A9C9D900D9EADB /* Question18.h */,
				4E93B90116A9C9D900D9EADB /* Question18.m */,
				4E93B99016A9D82700D9EADB /* Question19.h */,
				4E93B99116A9D82700D9EADB /* Question19.m */,
				4E93B99916AB271600D9EADB /* Question20.h */,
				4E93B99A16AB271600D9EADB /* Question20.m */,
			);
			path = "Questions 16-20";
			sourceTree = "<group>";
		};
		4E93B90216A9C9D900D9EADB /* Questions 21-25 */ = {
			isa = PBXGroup;
			children = (
				4E93B9AF16AC74A400D9EADB /* Question21.h */,
				4E93B9B016AC74A400D9EADB /* Question21.m */,
				4E93B9E316ADCCEF00D9EADB /* Question22.h */,
				4E93B9E416ADCCEF00D9EADB /* Question22.m */,
				4E68BF6B16AFC4F00027BC71 /* Question23.h */,
				4E68BF6C16AFC4F00027BC71 /* Question23.m */,
				4E68BF7216B0699F0027BC71 /* Question24.h */,
				4E68BF7316B0699F0027BC71 /* Question24.m */,
				4E68BFE016B1D69A0027BC71 /* Question25.h */,
				4E68BFE116B1D69A0027BC71 /* Question25.m */,
			);
			path = "Questions 21-25";
			sourceTree = "<group>";
		};
		4E93B90316A9C9D900D9EADB /* Questions 6-10 */ = {
			isa = PBXGroup;
			children = (
				4E93B90616A9C9D900D9EADB /* Question6.h */,
				4E93B90716A9C9D900D9EADB /* Question6.m */,
				4E93B90816A9C9D900D9EADB /* Question7.h */,
				4E93B90916A9C9D900D9EADB /* Question7.m */,
				4E93B90A16A9C9D900D9EADB /* Question8.h */,
				4E93B90B16A9C9D900D9EADB /* Question8.m */,
				4E93B90C16A9C9D900D9EADB /* Question9.h */,
				4E93B90D16A9C9D900D9EADB /* Question9.m */,
				4E93B90416A9C9D900D9EADB /* Question10.h */,
				4E93B90516A9C9D900D9EADB /* Question10.m */,
			);
			path = "Questions 6-10";
			sourceTree = "<group>";
		};
		4E93B90E16A9C9D900D9EADB /* Questions 26-50 */ = {
			isa = PBXGroup;
			children = (
				4E93B90F16A9C9D900D9EADB /* Questions 26-30 */,
				4E93B91016A9C9D900D9EADB /* Questions 31-35 */,
				4E93B91116A9C9D900D9EADB /* Questions 36-40 */,
				4E93B91216A9C9D900D9EADB /* Questions 41-45 */,
				4E93B91316A9C9D900D9EADB /* Questions 46-50 */,
			);
			path = "Questions 26-50";
			sourceTree = "<group>";
		};
		4E93B90F16A9C9D900D9EADB /* Questions 26-30 */ = {
			isa = PBXGroup;
			children = (
				4E68BFF216B31FD10027BC71 /* Question26.h */,
				4E68BFF316B31FD10027BC71 /* Question26.m */,
				4E68C1E316B466EA0027BC71 /* Question27.h */,
				4E68C1E416B466EA0027BC71 /* Question27.m */,
				4E85E55C16B5F2AA00B5C8EA /* Question28.h */,
				4E85E55D16B5F2AA00B5C8EA /* Question28.m */,
				4E85E56416B6FA4900B5C8EA /* Question29.h */,
				4E85E56516B6FA4900B5C8EA /* Question29.m */,
				4E85E56E16B8591600B5C8EA /* Question30.h */,
				4E85E56F16B8591600B5C8EA /* Question30.m */,
			);
			path = "Questions 26-30";
			sourceTree = "<group>";
		};
		4E93B91016A9C9D900D9EADB /* Questions 31-35 */ = {
			isa = PBXGroup;
			children = (
				4E85EA9916B9B1A000B5C8EA /* Question31.h */,
				4E85EA9A16B9B1A000B5C8EA /* Question31.m */,
				4E85EAA816BB010D00B5C8EA /* Question32.h */,
				4E85EAA916BB010D00B5C8EA /* Question32.m */,
				4E85EACE16BC4AF300B5C8EA /* Question33.h */,
				4E85EACF16BC4AF300B5C8EA /* Question33.m */,
				4E85EADA16BD9C7700B5C8EA /* Question34.h */,
				4E85EADB16BD9C7800B5C8EA /* Question34.m */,
				4E33E32F16BFB8F80067FE8D /* Question35.h */,
				4E33E33016BFB8F80067FE8D /* Question35.m */,
			);
			path = "Questions 31-35";
			sourceTree = "<group>";
		};
		4E93B91116A9C9D900D9EADB /* Questions 36-40 */ = {
			isa = PBXGroup;
			children = (
				4E33E33216C0AE240067FE8D /* Question36.h */,
				4E33E33316C0AE240067FE8D /* Question36.m */,
				4E33E34216C1A7C10067FE8D /* Question37.h */,
				4E33E34316C1A7C10067FE8D /* Question37.m */,
				4E26635316C384CE0012F6E8 /* Question38.h */,
				4E26635416C384CE0012F6E8 /* Question38.m */,
				4EFFD8F516C417FE0080148B /* Question39.h */,
				4EFFD8F616C417FE0080148B /* Question39.m */,
				4E72A80716C57224006DB097 /* Question40.h */,
				4E72A80816C57224006DB097 /* Question40.m */,
			);
			path = "Questions 36-40";
			sourceTree = "<group>";
		};
		4E93B91216A9C9D900D9EADB /* Questions 41-45 */ = {
			isa = PBXGroup;
			children = (
				4E72A84316C6F099006DB097 /* Question41.h */,
				4E72A84416C6F099006DB097 /* Question41.m */,
			);
			path = "Questions 41-45";
			sourceTree = "<group>";
		};
		4E93B91316A9C9D900D9EADB /* Questions 46-50 */ = {
			isa = PBXGroup;
			children = (
			);
			path = "Questions 46-50";
			sourceTree = "<group>";
		};
		4E93B91416A9C9D900D9EADB /* Questions 51-75 */ = {
			isa = PBXGroup;
			children = (
				4E93B91516A9C9D900D9EADB /* Questions 51-55 */,
				4E93B91616A9C9D900D9EADB /* Questions 56-60 */,
				4E93B91716A9C9D900D9EADB /* Questions 61-65 */,
				4E93B91816A9C9D900D9EADB /* Questions 66-70 */,
				4E93B91916A9C9D900D9EADB /* Questions 71-75 */,
			);
			path = "Questions 51-75";
			sourceTree = "<group>";
		};
		4E93B91516A9C9D900D9EADB /* Questions 51-55 */ = {
			isa = PBXGroup;
			children = (
			);
			path = "Questions 51-55";
			sourceTree = "<group>";
		};
		4E93B91616A9C9D900D9EADB /* Questions 56-60 */ = {
			isa = PBXGroup;
			children = (
			);
			path = "Questions 56-60";
			sourceTree = "<group>";
		};
		4E93B91716A9C9D900D9EADB /* Questions 61-65 */ = {
			isa = PBXGroup;
			children = (
			);
			path = "Questions 61-65";
			sourceTree = "<group>";
		};
		4E93B91816A9C9D900D9EADB /* Questions 66-70 */ = {
			isa = PBXGroup;
			children = (
			);
			path = "Questions 66-70";
			sourceTree = "<group>";
		};
		4E93B91916A9C9D900D9EADB /* Questions 71-75 */ = {
			isa = PBXGroup;
			children = (
			);
			path = "Questions 71-75";
			sourceTree = "<group>";
		};
		4E93B91A16A9C9D900D9EADB /* Questions 76-100 */ = {
			isa = PBXGroup;
			children = (
				4E93B91B16A9C9D900D9EADB /* Questions 76-80 */,
				4E93B91C16A9C9D900D9EADB /* Questions 81-85 */,
				4E93B91D16A9C9D900D9EADB /* Questions 86-90 */,
				4E93B91E16A9C9D900D9EADB /* Questions 91-95 */,
				4E93B91F16A9C9D900D9EADB /* Questions 96-100 */,
			);
			path = "Questions 76-100";
			sourceTree = "<group>";
		};
		4E93B91B16A9C9D900D9EADB /* Questions 76-80 */ = {
			isa = PBXGroup;
			children = (
			);
			path = "Questions 76-80";
			sourceTree = "<group>";
		};
		4E93B91C16A9C9D900D9EADB /* Questions 81-85 */ = {
			isa = PBXGroup;
			children = (
			);
			path = "Questions 81-85";
			sourceTree = "<group>";
		};
		4E93B91D16A9C9D900D9EADB /* Questions 86-90 */ = {
			isa = PBXGroup;
			children = (
			);
			path = "Questions 86-90";
			sourceTree = "<group>";
		};
		4E93B91E16A9C9D900D9EADB /* Questions 91-95 */ = {
			isa = PBXGroup;
			children = (
			);
			path = "Questions 91-95";
			sourceTree = "<group>";
		};
		4E93B91F16A9C9D900D9EADB /* Questions 96-100 */ = {
			isa = PBXGroup;
			children = (
			);
			path = "Questions 96-100";
			sourceTree = "<group>";
		};
		4E93B92016A9C9D900D9EADB /* Questions 101-200 */ = {
			isa = PBXGroup;
			children = (
				4E93B92116A9C9D900D9EADB /* Questions 101-125 */,
				4E93B92716A9C9D900D9EADB /* Questions 126-150 */,
				4E93B92D16A9C9D900D9EADB /* Questions 151-175 */,
				4E93B93316A9C9DA00D9EADB /* Questions 176-200 */,
			);
			path = "Questions 101-200";
			sourceTree = "<group>";
		};
		4E93B92116A9C9D900D9EADB /* Questions 101-125 */ = {
			isa = PBXGroup;
			children = (
				4E93B92216A9C9D900D9EADB /* Questions 101-105 */,
				4E93B92316A9C9D900D9EADB /* Questions 106-110 */,
				4E93B92416A9C9D900D9EADB /* Questions 111-115 */,
				4E93B92516A9C9D900D9EADB /* Questions 116-120 */,
				4E93B92616A9C9D900D9EADB /* Questions 121-125 */,
			);
			path = "Questions 101-125";
			sourceTree = "<group>";
		};
		4E93B92216A9C9D900D9EADB /* Questions 101-105 */ = {
			isa = PBXGroup;
			children = (
			);
			path = "Questions 101-105";
			sourceTree = "<group>";
		};
		4E93B92316A9C9D900D9EADB /* Questions 106-110 */ = {
			isa = PBXGroup;
			children = (
			);
			path = "Questions 106-110";
			sourceTree = "<group>";
		};
		4E93B92416A9C9D900D9EADB /* Questions 111-115 */ = {
			isa = PBXGroup;
			children = (
			);
			path = "Questions 111-115";
			sourceTree = "<group>";
		};
		4E93B92516A9C9D900D9EADB /* Questions 116-120 */ = {
			isa = PBXGroup;
			children = (
			);
			path = "Questions 116-120";
			sourceTree = "<group>";
		};
		4E93B92616A9C9D900D9EADB /* Questions 121-125 */ = {
			isa = PBXGroup;
			children = (
			);
			path = "Questions 121-125";
			sourceTree = "<group>";
		};
		4E93B92716A9C9D900D9EADB /* Questions 126-150 */ = {
			isa = PBXGroup;
			children = (
				4E93B92816A9C9D900D9EADB /* Questions 126-130 */,
				4E93B92916A9C9D900D9EADB /* Questions 131-135 */,
				4E93B92A16A9C9D900D9EADB /* Questions 136-140 */,
				4E93B92B16A9C9D900D9EADB /* Questions 141-145 */,
				4E93B92C16A9C9D900D9EADB /* Questions 146-150 */,
			);
			path = "Questions 126-150";
			sourceTree = "<group>";
		};
		4E93B92816A9C9D900D9EADB /* Questions 126-130 */ = {
			isa = PBXGroup;
			children = (
			);
			path = "Questions 126-130";
			sourceTree = "<group>";
		};
		4E93B92916A9C9D900D9EADB /* Questions 131-135 */ = {
			isa = PBXGroup;
			children = (
			);
			path = "Questions 131-135";
			sourceTree = "<group>";
		};
		4E93B92A16A9C9D900D9EADB /* Questions 136-140 */ = {
			isa = PBXGroup;
			children = (
			);
			path = "Questions 136-140";
			sourceTree = "<group>";
		};
		4E93B92B16A9C9D900D9EADB /* Questions 141-145 */ = {
			isa = PBXGroup;
			children = (
			);
			path = "Questions 141-145";
			sourceTree = "<group>";
		};
		4E93B92C16A9C9D900D9EADB /* Questions 146-150 */ = {
			isa = PBXGroup;
			children = (
			);
			path = "Questions 146-150";
			sourceTree = "<group>";
		};
		4E93B92D16A9C9D900D9EADB /* Questions 151-175 */ = {
			isa = PBXGroup;
			children = (
				4E93B92E16A9C9D900D9EADB /* Questions 151-155 */,
				4E93B92F16A9C9D900D9EADB /* Questions 156-160 */,
				4E93B93016A9C9D900D9EADB /* Questions 161-165 */,
				4E93B93116A9C9D900D9EADB /* Questions 166-170 */,
				4E93B93216A9C9D900D9EADB /* Questions 171-175 */,
			);
			path = "Questions 151-175";
			sourceTree = "<group>";
		};
		4E93B92E16A9C9D900D9EADB /* Questions 151-155 */ = {
			isa = PBXGroup;
			children = (
			);
			path = "Questions 151-155";
			sourceTree = "<group>";
		};
		4E93B92F16A9C9D900D9EADB /* Questions 156-160 */ = {
			isa = PBXGroup;
			children = (
			);
			path = "Questions 156-160";
			sourceTree = "<group>";
		};
		4E93B93016A9C9D900D9EADB /* Questions 161-165 */ = {
			isa = PBXGroup;
			children = (
			);
			path = "Questions 161-165";
			sourceTree = "<group>";
		};
		4E93B93116A9C9D900D9EADB /* Questions 166-170 */ = {
			isa = PBXGroup;
			children = (
			);
			path = "Questions 166-170";
			sourceTree = "<group>";
		};
		4E93B93216A9C9D900D9EADB /* Questions 171-175 */ = {
			isa = PBXGroup;
			children = (
			);
			path = "Questions 171-175";
			sourceTree = "<group>";
		};
		4E93B93316A9C9DA00D9EADB /* Questions 176-200 */ = {
			isa = PBXGroup;
			children = (
				4E93B93416A9C9DA00D9EADB /* Questions 176-180 */,
				4E93B93516A9C9DA00D9EADB /* Questions 181-185 */,
				4E93B93616A9C9DA00D9EADB /* Questions 186-190 */,
				4E93B93716A9C9DA00D9EADB /* Questions 191-195 */,
				4E93B93816A9C9DA00D9EADB /* Questions 196-200 */,
			);
			path = "Questions 176-200";
			sourceTree = "<group>";
		};
		4E93B93416A9C9DA00D9EADB /* Questions 176-180 */ = {
			isa = PBXGroup;
			children = (
			);
			path = "Questions 176-180";
			sourceTree = "<group>";
		};
		4E93B93516A9C9DA00D9EADB /* Questions 181-185 */ = {
			isa = PBXGroup;
			children = (
			);
			path = "Questions 181-185";
			sourceTree = "<group>";
		};
		4E93B93616A9C9DA00D9EADB /* Questions 186-190 */ = {
			isa = PBXGroup;
			children = (
			);
			path = "Questions 186-190";
			sourceTree = "<group>";
		};
		4E93B93716A9C9DA00D9EADB /* Questions 191-195 */ = {
			isa = PBXGroup;
			children = (
			);
			path = "Questions 191-195";
			sourceTree = "<group>";
		};
		4E93B93816A9C9DA00D9EADB /* Questions 196-200 */ = {
			isa = PBXGroup;
			children = (
			);
			path = "Questions 196-200";
			sourceTree = "<group>";
		};
		4E93B93916A9C9DA00D9EADB /* Questions 201-300 */ = {
			isa = PBXGroup;
			children = (
				4E93B93A16A9C9DA00D9EADB /* Questions 201-225 */,
				4E93B94016A9C9DA00D9EADB /* Questions 226-250 */,
				4E93B94616A9C9DA00D9EADB /* Questions 251-275 */,
				4E93B94C16A9C9DA00D9EADB /* Questions 276-300 */,
			);
			path = "Questions 201-300";
			sourceTree = "<group>";
		};
		4E93B93A16A9C9DA00D9EADB /* Questions 201-225 */ = {
			isa = PBXGroup;
			children = (
				4E93B93B16A9C9DA00D9EADB /* Questions 201-205 */,
				4E93B93C16A9C9DA00D9EADB /* Questions 206-210 */,
				4E93B93D16A9C9DA00D9EADB /* Questions 211-215 */,
				4E93B93E16A9C9DA00D9EADB /* Questions 216-220 */,
				4E93B93F16A9C9DA00D9EADB /* Questions 221-225 */,
			);
			path = "Questions 201-225";
			sourceTree = "<group>";
		};
		4E93B93B16A9C9DA00D9EADB /* Questions 201-205 */ = {
			isa = PBXGroup;
			children = (
			);
			path = "Questions 201-205";
			sourceTree = "<group>";
		};
		4E93B93C16A9C9DA00D9EADB /* Questions 206-210 */ = {
			isa = PBXGroup;
			children = (
			);
			path = "Questions 206-210";
			sourceTree = "<group>";
		};
		4E93B93D16A9C9DA00D9EADB /* Questions 211-215 */ = {
			isa = PBXGroup;
			children = (
			);
			path = "Questions 211-215";
			sourceTree = "<group>";
		};
		4E93B93E16A9C9DA00D9EADB /* Questions 216-220 */ = {
			isa = PBXGroup;
			children = (
			);
			path = "Questions 216-220";
			sourceTree = "<group>";
		};
		4E93B93F16A9C9DA00D9EADB /* Questions 221-225 */ = {
			isa = PBXGroup;
			children = (
			);
			path = "Questions 221-225";
			sourceTree = "<group>";
		};
		4E93B94016A9C9DA00D9EADB /* Questions 226-250 */ = {
			isa = PBXGroup;
			children = (
				4E93B94116A9C9DA00D9EADB /* Questions 226-230 */,
				4E93B94216A9C9DA00D9EADB /* Questions 231-235 */,
				4E93B94316A9C9DA00D9EADB /* Questions 236-240 */,
				4E93B94416A9C9DA00D9EADB /* Questions 241-245 */,
				4E93B94516A9C9DA00D9EADB /* Questions 246-250 */,
			);
			path = "Questions 226-250";
			sourceTree = "<group>";
		};
		4E93B94116A9C9DA00D9EADB /* Questions 226-230 */ = {
			isa = PBXGroup;
			children = (
			);
			path = "Questions 226-230";
			sourceTree = "<group>";
		};
		4E93B94216A9C9DA00D9EADB /* Questions 231-235 */ = {
			isa = PBXGroup;
			children = (
			);
			path = "Questions 231-235";
			sourceTree = "<group>";
		};
		4E93B94316A9C9DA00D9EADB /* Questions 236-240 */ = {
			isa = PBXGroup;
			children = (
			);
			path = "Questions 236-240";
			sourceTree = "<group>";
		};
		4E93B94416A9C9DA00D9EADB /* Questions 241-245 */ = {
			isa = PBXGroup;
			children = (
			);
			path = "Questions 241-245";
			sourceTree = "<group>";
		};
		4E93B94516A9C9DA00D9EADB /* Questions 246-250 */ = {
			isa = PBXGroup;
			children = (
			);
			path = "Questions 246-250";
			sourceTree = "<group>";
		};
		4E93B94616A9C9DA00D9EADB /* Questions 251-275 */ = {
			isa = PBXGroup;
			children = (
				4E93B94716A9C9DA00D9EADB /* Questions 251-255 */,
				4E93B94816A9C9DA00D9EADB /* Questions 256-260 */,
				4E93B94916A9C9DA00D9EADB /* Questions 261-265 */,
				4E93B94A16A9C9DA00D9EADB /* Questions 266-270 */,
				4E93B94B16A9C9DA00D9EADB /* Questions 271-275 */,
			);
			path = "Questions 251-275";
			sourceTree = "<group>";
		};
		4E93B94716A9C9DA00D9EADB /* Questions 251-255 */ = {
			isa = PBXGroup;
			children = (
			);
			path = "Questions 251-255";
			sourceTree = "<group>";
		};
		4E93B94816A9C9DA00D9EADB /* Questions 256-260 */ = {
			isa = PBXGroup;
			children = (
			);
			path = "Questions 256-260";
			sourceTree = "<group>";
		};
		4E93B94916A9C9DA00D9EADB /* Questions 261-265 */ = {
			isa = PBXGroup;
			children = (
			);
			path = "Questions 261-265";
			sourceTree = "<group>";
		};
		4E93B94A16A9C9DA00D9EADB /* Questions 266-270 */ = {
			isa = PBXGroup;
			children = (
			);
			path = "Questions 266-270";
			sourceTree = "<group>";
		};
		4E93B94B16A9C9DA00D9EADB /* Questions 271-275 */ = {
			isa = PBXGroup;
			children = (
			);
			path = "Questions 271-275";
			sourceTree = "<group>";
		};
		4E93B94C16A9C9DA00D9EADB /* Questions 276-300 */ = {
			isa = PBXGroup;
			children = (
				4E93B94D16A9C9DA00D9EADB /* Questions 276-280 */,
				4E93B94E16A9C9DA00D9EADB /* Questions 281-285 */,
				4E93B94F16A9C9DA00D9EADB /* Questions 286-290 */,
				4E93B95016A9C9DA00D9EADB /* Questions 291-295 */,
				4E93B95116A9C9DA00D9EADB /* Questions 296-300 */,
			);
			path = "Questions 276-300";
			sourceTree = "<group>";
		};
		4E93B94D16A9C9DA00D9EADB /* Questions 276-280 */ = {
			isa = PBXGroup;
			children = (
			);
			path = "Questions 276-280";
			sourceTree = "<group>";
		};
		4E93B94E16A9C9DA00D9EADB /* Questions 281-285 */ = {
			isa = PBXGroup;
			children = (
			);
			path = "Questions 281-285";
			sourceTree = "<group>";
		};
		4E93B94F16A9C9DA00D9EADB /* Questions 286-290 */ = {
			isa = PBXGroup;
			children = (
			);
			path = "Questions 286-290";
			sourceTree = "<group>";
		};
		4E93B95016A9C9DA00D9EADB /* Questions 291-295 */ = {
			isa = PBXGroup;
			children = (
			);
			path = "Questions 291-295";
			sourceTree = "<group>";
		};
		4E93B95116A9C9DA00D9EADB /* Questions 296-300 */ = {
			isa = PBXGroup;
			children = (
			);
			path = "Questions 296-300";
			sourceTree = "<group>";
		};
		4E93B95216A9C9DA00D9EADB /* Questions 301-400 */ = {
			isa = PBXGroup;
			children = (
				4E93B95316A9C9DA00D9EADB /* Questions 301-325 */,
				4E93B95916A9C9DA00D9EADB /* Questions 326-350 */,
				4E93B95F16A9C9DA00D9EADB /* Questions 351-375 */,
				4E93B96516A9C9DA00D9EADB /* Questions 376-400 */,
			);
			path = "Questions 301-400";
			sourceTree = "<group>";
		};
		4E93B95316A9C9DA00D9EADB /* Questions 301-325 */ = {
			isa = PBXGroup;
			children = (
				4E93B95416A9C9DA00D9EADB /* Questions 301-305 */,
				4E93B95516A9C9DA00D9EADB /* Questions 306-310 */,
				4E93B95616A9C9DA00D9EADB /* Questions 311-315 */,
				4E93B95716A9C9DA00D9EADB /* Questions 316-320 */,
				4E93B95816A9C9DA00D9EADB /* Questions 321-325 */,
			);
			path = "Questions 301-325";
			sourceTree = "<group>";
		};
		4E93B95416A9C9DA00D9EADB /* Questions 301-305 */ = {
			isa = PBXGroup;
			children = (
			);
			path = "Questions 301-305";
			sourceTree = "<group>";
		};
		4E93B95516A9C9DA00D9EADB /* Questions 306-310 */ = {
			isa = PBXGroup;
			children = (
			);
			path = "Questions 306-310";
			sourceTree = "<group>";
		};
		4E93B95616A9C9DA00D9EADB /* Questions 311-315 */ = {
			isa = PBXGroup;
			children = (
			);
			path = "Questions 311-315";
			sourceTree = "<group>";
		};
		4E93B95716A9C9DA00D9EADB /* Questions 316-320 */ = {
			isa = PBXGroup;
			children = (
			);
			path = "Questions 316-320";
			sourceTree = "<group>";
		};
		4E93B95816A9C9DA00D9EADB /* Questions 321-325 */ = {
			isa = PBXGroup;
			children = (
			);
			path = "Questions 321-325";
			sourceTree = "<group>";
		};
		4E93B95916A9C9DA00D9EADB /* Questions 326-350 */ = {
			isa = PBXGroup;
			children = (
				4E93B95A16A9C9DA00D9EADB /* Questions 326-330 */,
				4E93B95B16A9C9DA00D9EADB /* Questions 331-335 */,
				4E93B95C16A9C9DA00D9EADB /* Questions 336-340 */,
				4E93B95D16A9C9DA00D9EADB /* Questions 341-345 */,
				4E93B95E16A9C9DA00D9EADB /* Questions 346-350 */,
			);
			path = "Questions 326-350";
			sourceTree = "<group>";
		};
		4E93B95A16A9C9DA00D9EADB /* Questions 326-330 */ = {
			isa = PBXGroup;
			children = (
			);
			path = "Questions 326-330";
			sourceTree = "<group>";
		};
		4E93B95B16A9C9DA00D9EADB /* Questions 331-335 */ = {
			isa = PBXGroup;
			children = (
			);
			path = "Questions 331-335";
			sourceTree = "<group>";
		};
		4E93B95C16A9C9DA00D9EADB /* Questions 336-340 */ = {
			isa = PBXGroup;
			children = (
			);
			path = "Questions 336-340";
			sourceTree = "<group>";
		};
		4E93B95D16A9C9DA00D9EADB /* Questions 341-345 */ = {
			isa = PBXGroup;
			children = (
			);
			path = "Questions 341-345";
			sourceTree = "<group>";
		};
		4E93B95E16A9C9DA00D9EADB /* Questions 346-350 */ = {
			isa = PBXGroup;
			children = (
			);
			path = "Questions 346-350";
			sourceTree = "<group>";
		};
		4E93B95F16A9C9DA00D9EADB /* Questions 351-375 */ = {
			isa = PBXGroup;
			children = (
				4E93B96016A9C9DA00D9EADB /* Questions 351-355 */,
				4E93B96116A9C9DA00D9EADB /* Questions 356-360 */,
				4E93B96216A9C9DA00D9EADB /* Questions 361-365 */,
				4E93B96316A9C9DA00D9EADB /* Questions 366-370 */,
				4E93B96416A9C9DA00D9EADB /* Questions 371-375 */,
			);
			path = "Questions 351-375";
			sourceTree = "<group>";
		};
		4E93B96016A9C9DA00D9EADB /* Questions 351-355 */ = {
			isa = PBXGroup;
			children = (
			);
			path = "Questions 351-355";
			sourceTree = "<group>";
		};
		4E93B96116A9C9DA00D9EADB /* Questions 356-360 */ = {
			isa = PBXGroup;
			children = (
			);
			path = "Questions 356-360";
			sourceTree = "<group>";
		};
		4E93B96216A9C9DA00D9EADB /* Questions 361-365 */ = {
			isa = PBXGroup;
			children = (
			);
			path = "Questions 361-365";
			sourceTree = "<group>";
		};
		4E93B96316A9C9DA00D9EADB /* Questions 366-370 */ = {
			isa = PBXGroup;
			children = (
			);
			path = "Questions 366-370";
			sourceTree = "<group>";
		};
		4E93B96416A9C9DA00D9EADB /* Questions 371-375 */ = {
			isa = PBXGroup;
			children = (
			);
			path = "Questions 371-375";
			sourceTree = "<group>";
		};
		4E93B96516A9C9DA00D9EADB /* Questions 376-400 */ = {
			isa = PBXGroup;
			children = (
				4E93B96616A9C9DA00D9EADB /* Questions 376-380 */,
				4E93B96716A9C9DA00D9EADB /* Questions 381-385 */,
				4E93B96816A9C9DA00D9EADB /* Questions 386-390 */,
				4E93B96916A9C9DA00D9EADB /* Questions 391-395 */,
				4E93B96A16A9C9DA00D9EADB /* Questions 396-400 */,
			);
			path = "Questions 376-400";
			sourceTree = "<group>";
		};
		4E93B96616A9C9DA00D9EADB /* Questions 376-380 */ = {
			isa = PBXGroup;
			children = (
			);
			path = "Questions 376-380";
			sourceTree = "<group>";
		};
		4E93B96716A9C9DA00D9EADB /* Questions 381-385 */ = {
			isa = PBXGroup;
			children = (
			);
			path = "Questions 381-385";
			sourceTree = "<group>";
		};
		4E93B96816A9C9DA00D9EADB /* Questions 386-390 */ = {
			isa = PBXGroup;
			children = (
			);
			path = "Questions 386-390";
			sourceTree = "<group>";
		};
		4E93B96916A9C9DA00D9EADB /* Questions 391-395 */ = {
			isa = PBXGroup;
			children = (
			);
			path = "Questions 391-395";
			sourceTree = "<group>";
		};
		4E93B96A16A9C9DA00D9EADB /* Questions 396-400 */ = {
			isa = PBXGroup;
			children = (
			);
			path = "Questions 396-400";
			sourceTree = "<group>";
		};
		4E93B96B16A9C9DA00D9EADB /* Questions 401-500 */ = {
			isa = PBXGroup;
			children = (
				4E93B96C16A9C9DA00D9EADB /* Questions 401-407 */,
			);
			path = "Questions 401-500";
			sourceTree = "<group>";
		};
		4E93B96C16A9C9DA00D9EADB /* Questions 401-407 */ = {
			isa = PBXGroup;
			children = (
				4E93B96D16A9C9DA00D9EADB /* Questions 401-405 */,
				4E93B96E16A9C9DA00D9EADB /* Questions 406-407 */,
			);
			path = "Questions 401-407";
			sourceTree = "<group>";
		};
		4E93B96D16A9C9DA00D9EADB /* Questions 401-405 */ = {
			isa = PBXGroup;
			children = (
			);
			path = "Questions 401-405";
			sourceTree = "<group>";
		};
		4E93B96E16A9C9DA00D9EADB /* Questions 406-407 */ = {
			isa = PBXGroup;
			children = (
			);
			path = "Questions 406-407";
			sourceTree = "<group>";
		};
		4E93B98316A9CA5700D9EADB /* Super Class Question */ = {
			isa = PBXGroup;
			children = (
				4E93B98416A9CA5700D9EADB /* QuestionAndAnswer.h */,
				4E93B98516A9CA5700D9EADB /* QuestionAndAnswer.m */,
			);
			path = "Super Class Question";
			sourceTree = "<group>";
		};
		4E93B9E716ADCD0200D9EADB /* Question 22 */ = {
			isa = PBXGroup;
			children = (
				4E93B9E816ADCD0200D9EADB /* namesQuestion22.txt */,
			);
			path = "Question 22";
			sourceTree = "<group>";
		};
/* End PBXGroup section */

/* Begin PBXNativeTarget section */
		4E04C70216897EF700DC881F /* Project Euler */ = {
			isa = PBXNativeTarget;
			buildConfigurationList = 4E04C72A16897EF700DC881F /* Build configuration list for PBXNativeTarget "Project Euler" */;
			buildPhases = (
				4E04C6FF16897EF700DC881F /* Sources */,
				4E04C70016897EF700DC881F /* Frameworks */,
				4E04C70116897EF700DC881F /* Resources */,
			);
			buildRules = (
			);
			dependencies = (
			);
			name = "Project Euler";
			productName = "Project Euler";
			productReference = 4E04C70316897EF700DC881F /* Project Euler.app */;
			productType = "com.apple.product-type.application";
		};
/* End PBXNativeTarget section */

/* Begin PBXProject section */
		4E04C6FA16897EF700DC881F /* Project object */ = {
			isa = PBXProject;
			attributes = {
				LastUpgradeCheck = 0450;
				ORGANIZATIONNAME = "Michael Sgambelluri";
			};
			buildConfigurationList = 4E04C6FD16897EF700DC881F /* Build configuration list for PBXProject "Project Euler" */;
			compatibilityVersion = "Xcode 3.2";
			developmentRegion = English;
			hasScannedForEncodings = 0;
			knownRegions = (
				en,
			);
			mainGroup = 4E04C6F816897EF700DC881F;
			productRefGroup = 4E04C70416897EF700DC881F /* Products */;
			projectDirPath = "";
			projectRoot = "";
			targets = (
				4E04C70216897EF700DC881F /* Project Euler */,
			);
		};
/* End PBXProject section */

/* Begin PBXResourcesBuildPhase section */
		4E04C70116897EF700DC881F /* Resources */ = {
			isa = PBXResourcesBuildPhase;
			buildActionMask = 2147483647;
			files = (
				4E04C7BA168985EE00DC881F /* MainStoryboard_iPad.storyboard in Resources */,
				4E04C7BB168985EE00DC881F /* MainStoryboard_iPhone.storyboard in Resources */,
				4E04C7BC168985EE00DC881F /* InfoPlist.strings in Resources */,
				4E04C7DD16917B0200DC881F /* Default.png in Resources */,
				4E04C7DE16917B0200DC881F /* Default-568h@2x.png in Resources */,
				4E04C7DF16917B0200DC881F /* Default@2x.png in Resources */,
				4E93B8D616A90DB900D9EADB /* triangleQuestion18.txt in Resources */,
				4E93B9E916ADCD0200D9EADB /* namesQuestion22.txt in Resources */,
			);
			runOnlyForDeploymentPostprocessing = 0;
		};
/* End PBXResourcesBuildPhase section */

/* Begin PBXSourcesBuildPhase section */
		4E04C6FF16897EF700DC881F /* Sources */ = {
			isa = PBXSourcesBuildPhase;
			buildActionMask = 2147483647;
			files = (
				4E04C7B8168985EE00DC881F /* AppDelegate.m in Sources */,
				4E04C7B9168985EE00DC881F /* ViewController.m in Sources */,
				4E04C7BD168985EE00DC881F /* main.m in Sources */,
				4E04C7CD168C33E800DC881F /* DetailViewController.m in Sources */,
				4E04C7D1168C373A00DC881F /* QuestionCell.m in Sources */,
				4E04C8381694D8ED00DC881F /* CustomNavigationController.m in Sources */,
				4E13503916A27D0F00B7CE92 /* BigInt.m in Sources */,
				4E93B96F16A9C9DA00D9EADB /* BinaryObject.m in Sources */,
				4E93B97116A9C9DA00D9EADB /* Question1.m in Sources */,
				4E93B97216A9C9DA00D9EADB /* Question2.m in Sources */,
				4E93B97316A9C9DA00D9EADB /* Question3.m in Sources */,
				4E93B97416A9C9DA00D9EADB /* Question4.m in Sources */,
				4E93B97516A9C9DA00D9EADB /* Question5.m in Sources */,
				4E93B97616A9C9DA00D9EADB /* Question11.m in Sources */,
				4E93B97716A9C9DA00D9EADB /* Question12.m in Sources */,
				4E93B97816A9C9DA00D9EADB /* Question13.m in Sources */,
				4E93B97916A9C9DA00D9EADB /* Question14.m in Sources */,
				4E93B97A16A9C9DA00D9EADB /* Question15.m in Sources */,
				4E93B97B16A9C9DA00D9EADB /* Question16.m in Sources */,
				4E93B97C16A9C9DA00D9EADB /* Question17.m in Sources */,
				4E93B97D16A9C9DA00D9EADB /* Question18.m in Sources */,
				4E93B97E16A9C9DA00D9EADB /* Question10.m in Sources */,
				4E93B97F16A9C9DA00D9EADB /* Question6.m in Sources */,
				4E93B98016A9C9DA00D9EADB /* Question7.m in Sources */,
				4E93B98116A9C9DA00D9EADB /* Question8.m in Sources */,
				4E93B98216A9C9DA00D9EADB /* Question9.m in Sources */,
				4E93B98616A9CA5700D9EADB /* QuestionAndAnswer.m in Sources */,
				4E93B99416A9D82800D9EADB /* Question19.m in Sources */,
				4E93B99B16AB271600D9EADB /* Question20.m in Sources */,
				4E93B9B516AC74A400D9EADB /* Question21.m in Sources */,
				4E93B9E516ADCCEF00D9EADB /* Question22.m in Sources */,
				4E68BF6F16AFC4F00027BC71 /* Question23.m in Sources */,
				4E68BF7616B069A20027BC71 /* Question24.m in Sources */,
				4E68BFE216B1D69A0027BC71 /* Question25.m in Sources */,
				4E68BFF416B31FD10027BC71 /* Question26.m in Sources */,
				4E68C1E516B466EA0027BC71 /* Question27.m in Sources */,
				4E85E55E16B5F2AA00B5C8EA /* Question28.m in Sources */,
				4E85E56A16B6FA4900B5C8EA /* Question29.m in Sources */,
				4E85E57016B8591600B5C8EA /* Question30.m in Sources */,
				4E85EA9D16B9B1A000B5C8EA /* Question31.m in Sources */,
				4E85EAAC16BB010E00B5C8EA /* Question32.m in Sources */,
				4E85EAD016BC4AF300B5C8EA /* Question33.m in Sources */,
				4E85EADE16BD9C7800B5C8EA /* Question34.m in Sources */,
				4E33E33116BFB8F80067FE8D /* Question35.m in Sources */,
				4E33E33416C0AE240067FE8D /* Question36.m in Sources */,
				4E33E34416C1A7C10067FE8D /* Question37.m in Sources */,
				4E26635516C384CE0012F6E8 /* Question38.m in Sources */,
				4EFFD8F716C417FE0080148B /* Question39.m in Sources */,
				4E72A80916C57224006DB097 /* Question40.m in Sources */,
				4E72A84516C6F099006DB097 /* Question41.m in Sources */,
			);
			runOnlyForDeploymentPostprocessing = 0;
		};
/* End PBXSourcesBuildPhase section */

/* Begin XCBuildConfiguration section */
		4E04C72816897EF700DC881F /* Debug */ = {
			isa = XCBuildConfiguration;
			buildSettings = {
				ALWAYS_SEARCH_USER_PATHS = NO;
				CLANG_CXX_LANGUAGE_STANDARD = "gnu++0x";
				CLANG_CXX_LIBRARY = "libc++";
				CLANG_ENABLE_OBJC_ARC = YES;
				CLANG_WARN_EMPTY_BODY = YES;
				CLANG_WARN__DUPLICATE_METHOD_MATCH = YES;
				"CODE_SIGN_IDENTITY[sdk=iphoneos*]" = "iPhone Developer";
				COPY_PHASE_STRIP = NO;
				GCC_C_LANGUAGE_STANDARD = gnu99;
				GCC_DYNAMIC_NO_PIC = NO;
				GCC_OPTIMIZATION_LEVEL = 0;
				GCC_PREPROCESSOR_DEFINITIONS = (
					"DEBUG=1",
					"$(inherited)",
				);
				GCC_SYMBOLS_PRIVATE_EXTERN = NO;
				GCC_WARN_ABOUT_RETURN_TYPE = YES;
				GCC_WARN_UNINITIALIZED_AUTOS = YES;
				GCC_WARN_UNUSED_VARIABLE = YES;
				IPHONEOS_DEPLOYMENT_TARGET = 6.0;
				ONLY_ACTIVE_ARCH = YES;
				SDKROOT = iphoneos;
				TARGETED_DEVICE_FAMILY = "1,2";
			};
			name = Debug;
		};
		4E04C72916897EF700DC881F /* Release */ = {
			isa = XCBuildConfiguration;
			buildSettings = {
				ALWAYS_SEARCH_USER_PATHS = NO;
				CLANG_CXX_LANGUAGE_STANDARD = "gnu++0x";
				CLANG_CXX_LIBRARY = "libc++";
				CLANG_ENABLE_OBJC_ARC = YES;
				CLANG_WARN_EMPTY_BODY = YES;
				CLANG_WARN__DUPLICATE_METHOD_MATCH = YES;
				"CODE_SIGN_IDENTITY[sdk=iphoneos*]" = "iPhone Developer";
				COPY_PHASE_STRIP = YES;
				GCC_C_LANGUAGE_STANDARD = gnu99;
				GCC_WARN_ABOUT_RETURN_TYPE = YES;
				GCC_WARN_UNINITIALIZED_AUTOS = YES;
				GCC_WARN_UNUSED_VARIABLE = YES;
				IPHONEOS_DEPLOYMENT_TARGET = 6.0;
				OTHER_CFLAGS = "-DNS_BLOCK_ASSERTIONS=1";
				SDKROOT = iphoneos;
				TARGETED_DEVICE_FAMILY = "1,2";
				VALIDATE_PRODUCT = YES;
			};
			name = Release;
		};
		4E04C72B16897EF700DC881F /* Debug */ = {
			isa = XCBuildConfiguration;
			buildSettings = {
				GCC_PRECOMPILE_PREFIX_HEADER = YES;
				GCC_PREFIX_HEADER = "Files/Res/Supporting Files/Project Euler-Prefix.pch";
				INFOPLIST_FILE = "Files/Res/Supporting Files/Project Euler-Info.plist";
				IPHONEOS_DEPLOYMENT_TARGET = 6.0;
				PRODUCT_NAME = "$(TARGET_NAME)";
				WRAPPER_EXTENSION = app;
			};
			name = Debug;
		};
		4E04C72C16897EF700DC881F /* Release */ = {
			isa = XCBuildConfiguration;
			buildSettings = {
				GCC_PRECOMPILE_PREFIX_HEADER = YES;
				GCC_PREFIX_HEADER = "Files/Res/Supporting Files/Project Euler-Prefix.pch";
				INFOPLIST_FILE = "Files/Res/Supporting Files/Project Euler-Info.plist";
				IPHONEOS_DEPLOYMENT_TARGET = 6.0;
				PRODUCT_NAME = "$(TARGET_NAME)";
				WRAPPER_EXTENSION = app;
			};
			name = Release;
		};
/* End XCBuildConfiguration section */

/* Begin XCConfigurationList section */
		4E04C6FD16897EF700DC881F /* Build configuration list for PBXProject "Project Euler" */ = {
			isa = XCConfigurationList;
			buildConfigurations = (
				4E04C72816897EF700DC881F /* Debug */,
				4E04C72916897EF700DC881F /* Release */,
			);
			defaultConfigurationIsVisible = 0;
			defaultConfigurationName = Release;
		};
		4E04C72A16897EF700DC881F /* Build configuration list for PBXNativeTarget "Project Euler" */ = {
			isa = XCConfigurationList;
			buildConfigurations = (
				4E04C72B16897EF700DC881F /* Debug */,
				4E04C72C16897EF700DC881F /* Release */,
			);
			defaultConfigurationIsVisible = 0;
			defaultConfigurationName = Release;
		};
/* End XCConfigurationList section */
	};
	rootObject = 4E04C6FA16897EF700DC881F /* Project object */;
}
